// !$*UTF8*$!
{
	archiveVersion = 1;
	classes = {
	};
	objectVersion = 77;
	objects = {

/* Begin PBXBuildFile section */
		A08EB2FD2D184AD1005D2E99 /* ContentBlockerExtension.appex in Embed Foundation Extensions */ = {isa = PBXBuildFile; fileRef = A08EB2E52D184AD1005D2E99 /* ContentBlockerExtension.appex */; settings = {ATTRIBUTES = (RemoveHeadersOnCopy, ); }; };
/* End PBXBuildFile section */

/* Begin PBXBuildRule section */
		A048611D2D1872F200A80B6A /* PBXBuildRule */ = {
			isa = PBXBuildRule;
			compilerSpec = com.apple.compilers.proxy.script;
			fileType = folder.rkassets;
			inputFiles = (
			);
			isEditable = 1;
			outputFiles = (
			);
			script = "# realitytool\n";
		};
/* End PBXBuildRule section */

/* Begin PBXContainerItemProxy section */
		A08EB2A42D182BE3005D2E99 /* PBXContainerItemProxy */ = {
			isa = PBXContainerItemProxy;
			containerPortal = A08EB28B2D182BDF005D2E99 /* Project object */;
			proxyType = 1;
			remoteGlobalIDString = A08EB2922D182BDF005D2E99;
			remoteInfo = abless;
		};
		A08EB2AE2D182BE3005D2E99 /* PBXContainerItemProxy */ = {
			isa = PBXContainerItemProxy;
			containerPortal = A08EB28B2D182BDF005D2E99 /* Project object */;
			proxyType = 1;
			remoteGlobalIDString = A08EB2922D182BDF005D2E99;
			remoteInfo = abless;
		};
		A08EB2FB2D184AD1005D2E99 /* PBXContainerItemProxy */ = {
			isa = PBXContainerItemProxy;
			containerPortal = A08EB28B2D182BDF005D2E99 /* Project object */;
			proxyType = 1;
			remoteGlobalIDString = A08EB2E42D184AD1005D2E99;
			remoteInfo = ContentBlockerExtension;
		};
/* End PBXContainerItemProxy section */

/* Begin PBXCopyFilesBuildPhase section */
		A08EB2FE2D184AD2005D2E99 /* Embed Foundation Extensions */ = {
			isa = PBXCopyFilesBuildPhase;
			buildActionMask = 2147483647;
			dstPath = "";
			dstSubfolderSpec = 13;
			files = (
				A08EB2FD2D184AD1005D2E99 /* ContentBlockerExtension.appex in Embed Foundation Extensions */,
			);
			name = "Embed Foundation Extensions";
			runOnlyForDeploymentPostprocessing = 0;
		};
/* End PBXCopyFilesBuildPhase section */

/* Begin PBXFileReference section */
		A08EB2932D182BDF005D2E99 /* abless.app */ = {isa = PBXFileReference; explicitFileType = wrapper.application; includeInIndex = 0; path = abless.app; sourceTree = BUILT_PRODUCTS_DIR; };
		A08EB2A32D182BE3005D2E99 /* ablessTests.xctest */ = {isa = PBXFileReference; explicitFileType = wrapper.cfbundle; includeInIndex = 0; path = ablessTests.xctest; sourceTree = BUILT_PRODUCTS_DIR; };
		A08EB2AD2D182BE3005D2E99 /* ablessUITests.xctest */ = {isa = PBXFileReference; explicitFileType = wrapper.cfbundle; includeInIndex = 0; path = ablessUITests.xctest; sourceTree = BUILT_PRODUCTS_DIR; };
		A08EB2E52D184AD1005D2E99 /* ContentBlockerExtension.appex */ = {isa = PBXFileReference; explicitFileType = "wrapper.app-extension"; includeInIndex = 0; path = ContentBlockerExtension.appex; sourceTree = BUILT_PRODUCTS_DIR; };
/* End PBXFileReference section */

/* Begin PBXFileSystemSynchronizedBuildFileExceptionSet section */
		A08EB3012D184AD2005D2E99 /* Exceptions for "ContentBlockerExtension" folder in "ContentBlockerExtension" target */ = {
			isa = PBXFileSystemSynchronizedBuildFileExceptionSet;
			membershipExceptions = (
				Info.plist,
			);
			target = A08EB2E42D184AD1005D2E99 /* ContentBlockerExtension */;
		};
/* End PBXFileSystemSynchronizedBuildFileExceptionSet section */

/* Begin PBXFileSystemSynchronizedRootGroup section */
		A08EB2952D182BDF005D2E99 /* abless */ = {
			isa = PBXFileSystemSynchronizedRootGroup;
			path = abless;
			sourceTree = "<group>";
		};
		A08EB2A62D182BE3005D2E99 /* ablessTests */ = {
			isa = PBXFileSystemSynchronizedRootGroup;
			path = ablessTests;
			sourceTree = "<group>";
		};
		A08EB2B02D182BE3005D2E99 /* ablessUITests */ = {
			isa = PBXFileSystemSynchronizedRootGroup;
			path = ablessUITests;
			sourceTree = "<group>";
		};
		A08EB2E62D184AD1005D2E99 /* ContentBlockerExtension */ = {
			isa = PBXFileSystemSynchronizedRootGroup;
			exceptions = (
				A08EB3012D184AD2005D2E99 /* Exceptions for "ContentBlockerExtension" folder in "ContentBlockerExtension" target */,
			);
			explicitFolders = (
				Resources/_locales,
				Resources/images,
			);
			path = ContentBlockerExtension;
			sourceTree = "<group>";
		};
/* End PBXFileSystemSynchronizedRootGroup section */

/* Begin PBXFrameworksBuildPhase section */
		A08EB2902D182BDF005D2E99 /* Frameworks */ = {
			isa = PBXFrameworksBuildPhase;
			buildActionMask = 2147483647;
			files = (
			);
			runOnlyForDeploymentPostprocessing = 0;
		};
		A08EB2A02D182BE3005D2E99 /* Frameworks */ = {
			isa = PBXFrameworksBuildPhase;
			buildActionMask = 2147483647;
			files = (
			);
			runOnlyForDeploymentPostprocessing = 0;
		};
		A08EB2AA2D182BE3005D2E99 /* Frameworks */ = {
			isa = PBXFrameworksBuildPhase;
			buildActionMask = 2147483647;
			files = (
			);
			runOnlyForDeploymentPostprocessing = 0;
		};
		A08EB2E22D184AD1005D2E99 /* Frameworks */ = {
			isa = PBXFrameworksBuildPhase;
			buildActionMask = 2147483647;
			files = (
			);
			runOnlyForDeploymentPostprocessing = 0;
		};
/* End PBXFrameworksBuildPhase section */

/* Begin PBXGroup section */
		A08EB28A2D182BDF005D2E99 = {
			isa = PBXGroup;
			children = (
				A08EB2952D182BDF005D2E99 /* abless */,
				A08EB2A62D182BE3005D2E99 /* ablessTests */,
				A08EB2B02D182BE3005D2E99 /* ablessUITests */,
				A08EB2E62D184AD1005D2E99 /* ContentBlockerExtension */,
				A08EB2942D182BDF005D2E99 /* Products */,
			);
			sourceTree = "<group>";
		};
		A08EB2942D182BDF005D2E99 /* Products */ = {
			isa = PBXGroup;
			children = (
				A08EB2932D182BDF005D2E99 /* abless.app */,
				A08EB2A32D182BE3005D2E99 /* ablessTests.xctest */,
				A08EB2AD2D182BE3005D2E99 /* ablessUITests.xctest */,
				A08EB2E52D184AD1005D2E99 /* ContentBlockerExtension.appex */,
			);
			name = Products;
			sourceTree = "<group>";
		};
/* End PBXGroup section */

/* Begin PBXNativeTarget section */
		A08EB2922D182BDF005D2E99 /* abless */ = {
			isa = PBXNativeTarget;
			buildConfigurationList = A08EB2B72D182BE3005D2E99 /* Build configuration list for PBXNativeTarget "abless" */;
			buildPhases = (
				A08EB28F2D182BDF005D2E99 /* Sources */,
				A08EB2902D182BDF005D2E99 /* Frameworks */,
				A08EB2912D182BDF005D2E99 /* Resources */,
				A08EB2FE2D184AD2005D2E99 /* Embed Foundation Extensions */,
			);
			buildRules = (
			);
			dependencies = (
				A08EB2FC2D184AD1005D2E99 /* PBXTargetDependency */,
			);
			fileSystemSynchronizedGroups = (
				A08EB2952D182BDF005D2E99 /* abless */,
			);
			name = abless;
			packageProductDependencies = (
			);
			productName = abless;
			productReference = A08EB2932D182BDF005D2E99 /* abless.app */;
			productType = "com.apple.product-type.application";
		};
		A08EB2A22D182BE3005D2E99 /* ablessTests */ = {
			isa = PBXNativeTarget;
			buildConfigurationList = A08EB2BA2D182BE3005D2E99 /* Build configuration list for PBXNativeTarget "ablessTests" */;
			buildPhases = (
				A08EB29F2D182BE3005D2E99 /* Sources */,
				A08EB2A02D182BE3005D2E99 /* Frameworks */,
				A08EB2A12D182BE3005D2E99 /* Resources */,
			);
			buildRules = (
			);
			dependencies = (
				A08EB2A52D182BE3005D2E99 /* PBXTargetDependency */,
			);
			fileSystemSynchronizedGroups = (
				A08EB2A62D182BE3005D2E99 /* ablessTests */,
			);
			name = ablessTests;
			packageProductDependencies = (
			);
			productName = ablessTests;
			productReference = A08EB2A32D182BE3005D2E99 /* ablessTests.xctest */;
			productType = "com.apple.product-type.bundle.unit-test";
		};
		A08EB2AC2D182BE3005D2E99 /* ablessUITests */ = {
			isa = PBXNativeTarget;
			buildConfigurationList = A08EB2BD2D182BE3005D2E99 /* Build configuration list for PBXNativeTarget "ablessUITests" */;
			buildPhases = (
				A08EB2A92D182BE3005D2E99 /* Sources */,
				A08EB2AA2D182BE3005D2E99 /* Frameworks */,
				A08EB2AB2D182BE3005D2E99 /* Resources */,
			);
			buildRules = (
			);
			dependencies = (
				A08EB2AF2D182BE3005D2E99 /* PBXTargetDependency */,
			);
			fileSystemSynchronizedGroups = (
				A08EB2B02D182BE3005D2E99 /* ablessUITests */,
			);
			name = ablessUITests;
			packageProductDependencies = (
			);
			productName = ablessUITests;
			productReference = A08EB2AD2D182BE3005D2E99 /* ablessUITests.xctest */;
			productType = "com.apple.product-type.bundle.ui-testing";
		};
		A08EB2E42D184AD1005D2E99 /* ContentBlockerExtension */ = {
			isa = PBXNativeTarget;
			buildConfigurationList = A08EB3022D184AD2005D2E99 /* Build configuration list for PBXNativeTarget "ContentBlockerExtension" */;
			buildPhases = (
				A08EB2E12D184AD1005D2E99 /* Sources */,
				A08EB2E22D184AD1005D2E99 /* Frameworks */,
				A08EB2E32D184AD1005D2E99 /* Resources */,
			);
			buildRules = (
				A048611D2D1872F200A80B6A /* PBXBuildRule */,
			);
			dependencies = (
			);
			fileSystemSynchronizedGroups = (
				A08EB2E62D184AD1005D2E99 /* ContentBlockerExtension */,
			);
			name = ContentBlockerExtension;
			packageProductDependencies = (
			);
			productName = ContentBlockerExtension;
			productReference = A08EB2E52D184AD1005D2E99 /* ContentBlockerExtension.appex */;
			productType = "com.apple.product-type.app-extension";
		};
/* End PBXNativeTarget section */

/* Begin PBXProject section */
		A08EB28B2D182BDF005D2E99 /* Project object */ = {
			isa = PBXProject;
			attributes = {
				BuildIndependentTargetsInParallel = 1;
				LastSwiftUpdateCheck = 1620;
				LastUpgradeCheck = 1620;
				TargetAttributes = {
					A08EB2922D182BDF005D2E99 = {
						CreatedOnToolsVersion = 16.2;
					};
					A08EB2A22D182BE3005D2E99 = {
						CreatedOnToolsVersion = 16.2;
						TestTargetID = A08EB2922D182BDF005D2E99;
					};
					A08EB2AC2D182BE3005D2E99 = {
						CreatedOnToolsVersion = 16.2;
						TestTargetID = A08EB2922D182BDF005D2E99;
					};
					A08EB2E42D184AD1005D2E99 = {
						CreatedOnToolsVersion = 16.2;
					};
				};
			};
			buildConfigurationList = A08EB28E2D182BDF005D2E99 /* Build configuration list for PBXProject "abless" */;
			developmentRegion = en;
			hasScannedForEncodings = 0;
			knownRegions = (
				en,
				Base,
			);
			mainGroup = A08EB28A2D182BDF005D2E99;
			minimizedProjectReferenceProxies = 1;
			preferredProjectObjectVersion = 77;
			productRefGroup = A08EB2942D182BDF005D2E99 /* Products */;
			projectDirPath = "";
			projectRoot = "";
			targets = (
				A08EB2922D182BDF005D2E99 /* abless */,
				A08EB2A22D182BE3005D2E99 /* ablessTests */,
				A08EB2AC2D182BE3005D2E99 /* ablessUITests */,
				A08EB2E42D184AD1005D2E99 /* ContentBlockerExtension */,
			);
		};
/* End PBXProject section */

/* Begin PBXResourcesBuildPhase section */
		A08EB2912D182BDF005D2E99 /* Resources */ = {
			isa = PBXResourcesBuildPhase;
			buildActionMask = 2147483647;
			files = (
			);
			runOnlyForDeploymentPostprocessing = 0;
		};
		A08EB2A12D182BE3005D2E99 /* Resources */ = {
			isa = PBXResourcesBuildPhase;
			buildActionMask = 2147483647;
			files = (
			);
			runOnlyForDeploymentPostprocessing = 0;
		};
		A08EB2AB2D182BE3005D2E99 /* Resources */ = {
			isa = PBXResourcesBuildPhase;
			buildActionMask = 2147483647;
			files = (
			);
			runOnlyForDeploymentPostprocessing = 0;
		};
		A08EB2E32D184AD1005D2E99 /* Resources */ = {
			isa = PBXResourcesBuildPhase;
			buildActionMask = 2147483647;
			files = (
			);
			runOnlyForDeploymentPostprocessing = 0;
		};
/* End PBXResourcesBuildPhase section */

/* Begin PBXSourcesBuildPhase section */
		A08EB28F2D182BDF005D2E99 /* Sources */ = {
			isa = PBXSourcesBuildPhase;
			buildActionMask = 2147483647;
			files = (
			);
			runOnlyForDeploymentPostprocessing = 0;
		};
		A08EB29F2D182BE3005D2E99 /* Sources */ = {
			isa = PBXSourcesBuildPhase;
			buildActionMask = 2147483647;
			files = (
			);
			runOnlyForDeploymentPostprocessing = 0;
		};
		A08EB2A92D182BE3005D2E99 /* Sources */ = {
			isa = PBXSourcesBuildPhase;
			buildActionMask = 2147483647;
			files = (
			);
			runOnlyForDeploymentPostprocessing = 0;
		};
		A08EB2E12D184AD1005D2E99 /* Sources */ = {
			isa = PBXSourcesBuildPhase;
			buildActionMask = 2147483647;
			files = (
			);
			runOnlyForDeploymentPostprocessing = 0;
		};
/* End PBXSourcesBuildPhase section */

/* Begin PBXTargetDependency section */
		A08EB2A52D182BE3005D2E99 /* PBXTargetDependency */ = {
			isa = PBXTargetDependency;
			target = A08EB2922D182BDF005D2E99 /* abless */;
			targetProxy = A08EB2A42D182BE3005D2E99 /* PBXContainerItemProxy */;
		};
		A08EB2AF2D182BE3005D2E99 /* PBXTargetDependency */ = {
			isa = PBXTargetDependency;
			target = A08EB2922D182BDF005D2E99 /* abless */;
			targetProxy = A08EB2AE2D182BE3005D2E99 /* PBXContainerItemProxy */;
		};
		A08EB2FC2D184AD1005D2E99 /* PBXTargetDependency */ = {
			isa = PBXTargetDependency;
			target = A08EB2E42D184AD1005D2E99 /* ContentBlockerExtension */;
			targetProxy = A08EB2FB2D184AD1005D2E99 /* PBXContainerItemProxy */;
		};
/* End PBXTargetDependency section */

/* Begin XCBuildConfiguration section */
		A08EB2B52D182BE3005D2E99 /* Debug */ = {
			isa = XCBuildConfiguration;
			buildSettings = {
				ALWAYS_SEARCH_USER_PATHS = NO;
				ASSETCATALOG_COMPILER_GENERATE_SWIFT_ASSET_SYMBOL_EXTENSIONS = YES;
				CLANG_ANALYZER_NONNULL = YES;
				CLANG_ANALYZER_NUMBER_OBJECT_CONVERSION = YES_AGGRESSIVE;
				CLANG_CXX_LANGUAGE_STANDARD = "gnu++20";
				CLANG_ENABLE_MODULES = YES;
				CLANG_ENABLE_OBJC_ARC = YES;
				CLANG_ENABLE_OBJC_WEAK = YES;
				CLANG_WARN_BLOCK_CAPTURE_AUTORELEASING = YES;
				CLANG_WARN_BOOL_CONVERSION = YES;
				CLANG_WARN_COMMA = YES;
				CLANG_WARN_CONSTANT_CONVERSION = YES;
				CLANG_WARN_DEPRECATED_OBJC_IMPLEMENTATIONS = YES;
				CLANG_WARN_DIRECT_OBJC_ISA_USAGE = YES_ERROR;
				CLANG_WARN_DOCUMENTATION_COMMENTS = YES;
				CLANG_WARN_EMPTY_BODY = YES;
				CLANG_WARN_ENUM_CONVERSION = YES;
				CLANG_WARN_INFINITE_RECURSION = YES;
				CLANG_WARN_INT_CONVERSION = YES;
				CLANG_WARN_NON_LITERAL_NULL_CONVERSION = YES;
				CLANG_WARN_OBJC_IMPLICIT_RETAIN_SELF = YES;
				CLANG_WARN_OBJC_LITERAL_CONVERSION = YES;
				CLANG_WARN_OBJC_ROOT_CLASS = YES_ERROR;
				CLANG_WARN_QUOTED_INCLUDE_IN_FRAMEWORK_HEADER = YES;
				CLANG_WARN_RANGE_LOOP_ANALYSIS = YES;
				CLANG_WARN_STRICT_PROTOTYPES = YES;
				CLANG_WARN_SUSPICIOUS_MOVE = YES;
				CLANG_WARN_UNGUARDED_AVAILABILITY = YES_AGGRESSIVE;
				CLANG_WARN_UNREACHABLE_CODE = YES;
				CLANG_WARN__DUPLICATE_METHOD_MATCH = YES;
				COPY_PHASE_STRIP = NO;
				DEBUG_INFORMATION_FORMAT = dwarf;
				ENABLE_STRICT_OBJC_MSGSEND = YES;
				ENABLE_TESTABILITY = YES;
				ENABLE_USER_SCRIPT_SANDBOXING = YES;
				GCC_C_LANGUAGE_STANDARD = gnu17;
				GCC_DYNAMIC_NO_PIC = NO;
				GCC_NO_COMMON_BLOCKS = YES;
				GCC_OPTIMIZATION_LEVEL = 0;
				GCC_PREPROCESSOR_DEFINITIONS = (
					"DEBUG=1",
					"$(inherited)",
				);
				GCC_WARN_64_TO_32_BIT_CONVERSION = YES;
				GCC_WARN_ABOUT_RETURN_TYPE = YES_ERROR;
				GCC_WARN_UNDECLARED_SELECTOR = YES;
				GCC_WARN_UNINITIALIZED_AUTOS = YES_AGGRESSIVE;
				GCC_WARN_UNUSED_FUNCTION = YES;
				GCC_WARN_UNUSED_VARIABLE = YES;
				IPHONEOS_DEPLOYMENT_TARGET = 18.2;
				LOCALIZATION_PREFERS_STRING_CATALOGS = YES;
				MTL_ENABLE_DEBUG_INFO = INCLUDE_SOURCE;
				MTL_FAST_MATH = YES;
				ONLY_ACTIVE_ARCH = YES;
				SDKROOT = iphoneos;
				SWIFT_ACTIVE_COMPILATION_CONDITIONS = "DEBUG $(inherited)";
				SWIFT_OPTIMIZATION_LEVEL = "-Onone";
			};
			name = Debug;
		};
		A08EB2B62D182BE3005D2E99 /* Release */ = {
			isa = XCBuildConfiguration;
			buildSettings = {
				ALWAYS_SEARCH_USER_PATHS = NO;
				ASSETCATALOG_COMPILER_GENERATE_SWIFT_ASSET_SYMBOL_EXTENSIONS = YES;
				CLANG_ANALYZER_NONNULL = YES;
				CLANG_ANALYZER_NUMBER_OBJECT_CONVERSION = YES_AGGRESSIVE;
				CLANG_CXX_LANGUAGE_STANDARD = "gnu++20";
				CLANG_ENABLE_MODULES = YES;
				CLANG_ENABLE_OBJC_ARC = YES;
				CLANG_ENABLE_OBJC_WEAK = YES;
				CLANG_WARN_BLOCK_CAPTURE_AUTORELEASING = YES;
				CLANG_WARN_BOOL_CONVERSION = YES;
				CLANG_WARN_COMMA = YES;
				CLANG_WARN_CONSTANT_CONVERSION = YES;
				CLANG_WARN_DEPRECATED_OBJC_IMPLEMENTATIONS = YES;
				CLANG_WARN_DIRECT_OBJC_ISA_USAGE = YES_ERROR;
				CLANG_WARN_DOCUMENTATION_COMMENTS = YES;
				CLANG_WARN_EMPTY_BODY = YES;
				CLANG_WARN_ENUM_CONVERSION = YES;
				CLANG_WARN_INFINITE_RECURSION = YES;
				CLANG_WARN_INT_CONVERSION = YES;
				CLANG_WARN_NON_LITERAL_NULL_CONVERSION = YES;
				CLANG_WARN_OBJC_IMPLICIT_RETAIN_SELF = YES;
				CLANG_WARN_OBJC_LITERAL_CONVERSION = YES;
				CLANG_WARN_OBJC_ROOT_CLASS = YES_ERROR;
				CLANG_WARN_QUOTED_INCLUDE_IN_FRAMEWORK_HEADER = YES;
				CLANG_WARN_RANGE_LOOP_ANALYSIS = YES;
				CLANG_WARN_STRICT_PROTOTYPES = YES;
				CLANG_WARN_SUSPICIOUS_MOVE = YES;
				CLANG_WARN_UNGUARDED_AVAILABILITY = YES_AGGRESSIVE;
				CLANG_WARN_UNREACHABLE_CODE = YES;
				CLANG_WARN__DUPLICATE_METHOD_MATCH = YES;
				COPY_PHASE_STRIP = NO;
				DEBUG_INFORMATION_FORMAT = "dwarf-with-dsym";
				ENABLE_NS_ASSERTIONS = NO;
				ENABLE_STRICT_OBJC_MSGSEND = YES;
				ENABLE_USER_SCRIPT_SANDBOXING = YES;
				GCC_C_LANGUAGE_STANDARD = gnu17;
				GCC_NO_COMMON_BLOCKS = YES;
				GCC_WARN_64_TO_32_BIT_CONVERSION = YES;
				GCC_WARN_ABOUT_RETURN_TYPE = YES_ERROR;
				GCC_WARN_UNDECLARED_SELECTOR = YES;
				GCC_WARN_UNINITIALIZED_AUTOS = YES_AGGRESSIVE;
				GCC_WARN_UNUSED_FUNCTION = YES;
				GCC_WARN_UNUSED_VARIABLE = YES;
				IPHONEOS_DEPLOYMENT_TARGET = 18.2;
				LOCALIZATION_PREFERS_STRING_CATALOGS = YES;
				MTL_ENABLE_DEBUG_INFO = NO;
				MTL_FAST_MATH = YES;
				SDKROOT = iphoneos;
				SWIFT_COMPILATION_MODE = wholemodule;
				VALIDATE_PRODUCT = YES;
			};
			name = Release;
		};
		A08EB2B82D182BE3005D2E99 /* Debug */ = {
			isa = XCBuildConfiguration;
			buildSettings = {
				ASSETCATALOG_COMPILER_APPICON_NAME = AppIcon;
				ASSETCATALOG_COMPILER_GLOBAL_ACCENT_COLOR_NAME = AccentColor;
				CODE_SIGN_STYLE = Automatic;
				CURRENT_PROJECT_VERSION = 1;
				DEVELOPMENT_ASSET_PATHS = "\"abless/Preview Content\"";
				DEVELOPMENT_TEAM = HXK76KBK7K;
				ENABLE_PREVIEWS = YES;
				GENERATE_INFOPLIST_FILE = YES;
				INFOPLIST_KEY_LSApplicationQueriesSchemes = "com.google.ios.youtube youtube vnd.youtube youtube-app instagram instagram-stories tiktok snssdk1233";
				INFOPLIST_KEY_UIApplicationSceneManifest_Generation = YES;
				INFOPLIST_KEY_UIApplicationSupportsIndirectInputEvents = YES;
				INFOPLIST_KEY_UILaunchScreen_Generation = YES;
				INFOPLIST_KEY_UISupportedInterfaceOrientations_iPad = "UIInterfaceOrientationPortrait UIInterfaceOrientationPortraitUpsideDown UIInterfaceOrientationLandscapeLeft UIInterfaceOrientationLandscapeRight";
				INFOPLIST_KEY_UISupportedInterfaceOrientations_iPhone = "UIInterfaceOrientationPortrait UIInterfaceOrientationLandscapeLeft UIInterfaceOrientationLandscapeRight";
				LD_RUNPATH_SEARCH_PATHS = (
					"$(inherited)",
					"@executable_path/Frameworks",
				);
				MARKETING_VERSION = 1.0;
				PRODUCT_BUNDLE_IDENTIFIER = io.abless.abless;
				PRODUCT_NAME = "$(TARGET_NAME)";
				SWIFT_EMIT_LOC_STRINGS = YES;
				SWIFT_VERSION = 5.0;
				TARGETED_DEVICE_FAMILY = "1,2";
			};
			name = Debug;
		};
		A08EB2B92D182BE3005D2E99 /* Release */ = {
			isa = XCBuildConfiguration;
			buildSettings = {
				ASSETCATALOG_COMPILER_APPICON_NAME = AppIcon;
				ASSETCATALOG_COMPILER_GLOBAL_ACCENT_COLOR_NAME = AccentColor;
				CODE_SIGN_STYLE = Automatic;
				CURRENT_PROJECT_VERSION = 1;
				DEVELOPMENT_ASSET_PATHS = "\"abless/Preview Content\"";
				DEVELOPMENT_TEAM = HXK76KBK7K;
				ENABLE_PREVIEWS = YES;
				GENERATE_INFOPLIST_FILE = YES;
				INFOPLIST_KEY_LSApplicationQueriesSchemes = "com.google.ios.youtube youtube vnd.youtube youtube-app instagram instagram-stories tiktok snssdk1233";
				INFOPLIST_KEY_UIApplicationSceneManifest_Generation = YES;
				INFOPLIST_KEY_UIApplicationSupportsIndirectInputEvents = YES;
				INFOPLIST_KEY_UILaunchScreen_Generation = YES;
				INFOPLIST_KEY_UISupportedInterfaceOrientations_iPad = "UIInterfaceOrientationPortrait UIInterfaceOrientationPortraitUpsideDown UIInterfaceOrientationLandscapeLeft UIInterfaceOrientationLandscapeRight";
				INFOPLIST_KEY_UISupportedInterfaceOrientations_iPhone = "UIInterfaceOrientationPortrait UIInterfaceOrientationLandscapeLeft UIInterfaceOrientationLandscapeRight";
				LD_RUNPATH_SEARCH_PATHS = (
					"$(inherited)",
					"@executable_path/Frameworks",
				);
				MARKETING_VERSION = 1.0;
				PRODUCT_BUNDLE_IDENTIFIER = io.abless.abless;
				PRODUCT_NAME = "$(TARGET_NAME)";
				SWIFT_EMIT_LOC_STRINGS = YES;
				SWIFT_VERSION = 5.0;
				TARGETED_DEVICE_FAMILY = "1,2";
			};
			name = Release;
		};
		A08EB2BB2D182BE3005D2E99 /* Debug */ = {
			isa = XCBuildConfiguration;
			buildSettings = {
				BUNDLE_LOADER = "$(TEST_HOST)";
				CODE_SIGN_STYLE = Automatic;
				CURRENT_PROJECT_VERSION = 1;
				DEVELOPMENT_TEAM = HXK76KBK7K;
				GENERATE_INFOPLIST_FILE = YES;
				IPHONEOS_DEPLOYMENT_TARGET = 18.2;
				MARKETING_VERSION = 1.0;
				PRODUCT_BUNDLE_IDENTIFIER = io.abless.ablessTests;
				PRODUCT_NAME = "$(TARGET_NAME)";
				SWIFT_EMIT_LOC_STRINGS = NO;
				SWIFT_VERSION = 5.0;
				TARGETED_DEVICE_FAMILY = "1,2";
				TEST_HOST = "$(BUILT_PRODUCTS_DIR)/abless.app/$(BUNDLE_EXECUTABLE_FOLDER_PATH)/abless";
			};
			name = Debug;
		};
		A08EB2BC2D182BE3005D2E99 /* Release */ = {
			isa = XCBuildConfiguration;
			buildSettings = {
				BUNDLE_LOADER = "$(TEST_HOST)";
				CODE_SIGN_STYLE = Automatic;
				CURRENT_PROJECT_VERSION = 1;
				DEVELOPMENT_TEAM = HXK76KBK7K;
				GENERATE_INFOPLIST_FILE = YES;
				IPHONEOS_DEPLOYMENT_TARGET = 18.2;
				MARKETING_VERSION = 1.0;
				PRODUCT_BUNDLE_IDENTIFIER = io.abless.ablessTests;
				PRODUCT_NAME = "$(TARGET_NAME)";
				SWIFT_EMIT_LOC_STRINGS = NO;
				SWIFT_VERSION = 5.0;
				TARGETED_DEVICE_FAMILY = "1,2";
				TEST_HOST = "$(BUILT_PRODUCTS_DIR)/abless.app/$(BUNDLE_EXECUTABLE_FOLDER_PATH)/abless";
			};
			name = Release;
		};
		A08EB2BE2D182BE3005D2E99 /* Debug */ = {
			isa = XCBuildConfiguration;
			buildSettings = {
				CODE_SIGN_STYLE = Automatic;
				CURRENT_PROJECT_VERSION = 1;
				DEVELOPMENT_TEAM = HXK76KBK7K;
				GENERATE_INFOPLIST_FILE = YES;
				MARKETING_VERSION = 1.0;
				PRODUCT_BUNDLE_IDENTIFIER = io.abless.ablessUITests;
				PRODUCT_NAME = "$(TARGET_NAME)";
				SWIFT_EMIT_LOC_STRINGS = NO;
				SWIFT_VERSION = 5.0;
				TARGETED_DEVICE_FAMILY = "1,2";
				TEST_TARGET_NAME = abless;
			};
			name = Debug;
		};
		A08EB2BF2D182BE3005D2E99 /* Release */ = {
			isa = XCBuildConfiguration;
			buildSettings = {
				CODE_SIGN_STYLE = Automatic;
				CURRENT_PROJECT_VERSION = 1;
				DEVELOPMENT_TEAM = HXK76KBK7K;
				GENERATE_INFOPLIST_FILE = YES;
				MARKETING_VERSION = 1.0;
				PRODUCT_BUNDLE_IDENTIFIER = io.abless.ablessUITests;
				PRODUCT_NAME = "$(TARGET_NAME)";
				SWIFT_EMIT_LOC_STRINGS = NO;
				SWIFT_VERSION = 5.0;
				TARGETED_DEVICE_FAMILY = "1,2";
				TEST_TARGET_NAME = abless;
			};
			name = Release;
		};
		A08EB2FF2D184AD2005D2E99 /* Debug */ = {
			isa = XCBuildConfiguration;
			buildSettings = {
				CODE_SIGN_STYLE = Automatic;
				CURRENT_PROJECT_VERSION = 1;
				DEVELOPMENT_TEAM = HXK76KBK7K;
				GENERATE_INFOPLIST_FILE = YES;
				INFOPLIST_FILE = ContentBlockerExtension/Info.plist;
				INFOPLIST_KEY_CFBundleDisplayName = ContentBlockerExtension;
				INFOPLIST_KEY_NSHumanReadableCopyright = "";
				IPHONEOS_DEPLOYMENT_TARGET = 15.0;
				LD_RUNPATH_SEARCH_PATHS = (
					"$(inherited)",
					"@executable_path/Frameworks",
					"@executable_path/../../Frameworks",
				);
				MARKETING_VERSION = 1.0;
				OTHER_LDFLAGS = (
					"-framework",
					SafariServices,
				);
				PRODUCT_BUNDLE_IDENTIFIER = io.abless.ContentBlockerExtension;
				PRODUCT_NAME = "$(TARGET_NAME)";
				SKIP_INSTALL = YES;
				SWIFT_EMIT_LOC_STRINGS = YES;
				SWIFT_VERSION = 5.0;
				TARGETED_DEVICE_FAMILY = "1,2";
			};
			name = Debug;
		};
		A08EB3002D184AD2005D2E99 /* Release */ = {
			isa = XCBuildConfiguration;
			buildSettings = {
				CODE_SIGN_STYLE = Automatic;
				CURRENT_PROJECT_VERSION = 1;
				DEVELOPMENT_TEAM = HXK76KBK7K;
				GENERATE_INFOPLIST_FILE = YES;
				INFOPLIST_FILE = ContentBlockerExtension/Info.plist;
				INFOPLIST_KEY_CFBundleDisplayName = ContentBlockerExtension;
				INFOPLIST_KEY_NSHumanReadableCopyright = "";
				IPHONEOS_DEPLOYMENT_TARGET = 15.0;
				LD_RUNPATH_SEARCH_PATHS = (
					"$(inherited)",
					"@executable_path/Frameworks",
					"@executable_path/../../Frameworks",
				);
				MARKETING_VERSION = 1.0;
				OTHER_LDFLAGS = (
					"-framework",
					SafariServices,
				);
				PRODUCT_BUNDLE_IDENTIFIER = io.abless.ContentBlockerExtension;
				PRODUCT_NAME = "$(TARGET_NAME)";
				SKIP_INSTALL = YES;
				SWIFT_EMIT_LOC_STRINGS = YES;
				SWIFT_VERSION = 5.0;
				TARGETED_DEVICE_FAMILY = "1,2";
			};
			name = Release;
		};
/* End XCBuildConfiguration section */

/* Begin XCConfigurationList section */
		A08EB28E2D182BDF005D2E99 /* Build configuration list for PBXProject "abless" */ = {
			isa = XCConfigurationList;
			buildConfigurations = (
				A08EB2B52D182BE3005D2E99 /* Debug */,
				A08EB2B62D182BE3005D2E99 /* Release */,
			);
			defaultConfigurationIsVisible = 0;
			defaultConfigurationName = Release;
		};
		A08EB2B72D182BE3005D2E99 /* Build configuration list for PBXNativeTarget "abless" */ = {
			isa = XCConfigurationList;
			buildConfigurations = (
				A08EB2B82D182BE3005D2E99 /* Debug */,
				A08EB2B92D182BE3005D2E99 /* Release */,
			);
			defaultConfigurationIsVisible = 0;
			defaultConfigurationName = Release;
		};
		A08EB2BA2D182BE3005D2E99 /* Build configuration list for PBXNativeTarget "ablessTests" */ = {
			isa = XCConfigurationList;
			buildConfigurations = (
				A08EB2BB2D182BE3005D2E99 /* Debug */,
				A08EB2BC2D182BE3005D2E99 /* Release */,
			);
			defaultConfigurationIsVisible = 0;
			defaultConfigurationName = Release;
		};
		A08EB2BD2D182BE3005D2E99 /* Build configuration list for PBXNativeTarget "ablessUITests" */ = {
			isa = XCConfigurationList;
			buildConfigurations = (
				A08EB2BE2D182BE3005D2E99 /* Debug */,
				A08EB2BF2D182BE3005D2E99 /* Release */,
			);
			defaultConfigurationIsVisible = 0;
			defaultConfigurationName = Release;
		};
		A08EB3022D184AD2005D2E99 /* Build configuration list for PBXNativeTarget "ContentBlockerExtension" */ = {
			isa = XCConfigurationList;
			buildConfigurations = (
				A08EB2FF2D184AD2005D2E99 /* Debug */,
				A08EB3002D184AD2005D2E99 /* Release */,
			);
			defaultConfigurationIsVisible = 0;
			defaultConfigurationName = Release;
		};
/* End XCConfigurationList section */
	};
	rootObject = A08EB28B2D182BDF005D2E99 /* Project object */;
}
